// !$*UTF8*$!
{
	archiveVersion = 1;
	classes = {
	};
	objectVersion = 55;
	objects = {

/* Begin PBXBuildFile section */
		1F6F081B273E208C00B05986 /* BootcampApp.swift in Sources */ = {isa = PBXBuildFile; fileRef = 1F6F081A273E208C00B05986 /* BootcampApp.swift */; };
		1F6F081D273E208C00B05986 /* ContentView.swift in Sources */ = {isa = PBXBuildFile; fileRef = 1F6F081C273E208C00B05986 /* ContentView.swift */; };
		1F6F081F273E208E00B05986 /* Assets.xcassets in Resources */ = {isa = PBXBuildFile; fileRef = 1F6F081E273E208E00B05986 /* Assets.xcassets */; };
		1F6F0822273E208E00B05986 /* Preview Assets.xcassets in Resources */ = {isa = PBXBuildFile; fileRef = 1F6F0821273E208E00B05986 /* Preview Assets.xcassets */; };
		1F6F082C273E208E00B05986 /* BootcampTests.swift in Sources */ = {isa = PBXBuildFile; fileRef = 1F6F082B273E208E00B05986 /* BootcampTests.swift */; };
		1F6F0836273E208F00B05986 /* BootcampUITests.swift in Sources */ = {isa = PBXBuildFile; fileRef = 1F6F0835273E208F00B05986 /* BootcampUITests.swift */; };
		1F6F0838273E208F00B05986 /* BootcampUITestsLaunchTests.swift in Sources */ = {isa = PBXBuildFile; fileRef = 1F6F0837273E208F00B05986 /* BootcampUITestsLaunchTests.swift */; };
		1F6F0845273E210D00B05986 /* .gitignore in Resources */ = {isa = PBXBuildFile; fileRef = 1F6F0844273E210C00B05986 /* .gitignore */; };
		1F6F0847273E211B00B05986 /* README.md in Resources */ = {isa = PBXBuildFile; fileRef = 1F6F0846273E211B00B05986 /* README.md */; };
		1F6F0849273E246B00B05986 /* TextBootcamp.swift in Sources */ = {isa = PBXBuildFile; fileRef = 1F6F0848273E246B00B05986 /* TextBootcamp.swift */; };
		1F6F084B27421B8700B05986 /* ShapesBootcamp.swift in Sources */ = {isa = PBXBuildFile; fileRef = 1F6F084A27421B8700B05986 /* ShapesBootcamp.swift */; };
		1F6F084D2744C0E600B05986 /* ColorsBootcamp.swift in Sources */ = {isa = PBXBuildFile; fileRef = 1F6F084C2744C0E600B05986 /* ColorsBootcamp.swift */; };
/* End PBXBuildFile section */

/* Begin PBXContainerItemProxy section */
		1F6F0828273E208E00B05986 /* PBXContainerItemProxy */ = {
			isa = PBXContainerItemProxy;
			containerPortal = 1F6F080F273E208C00B05986 /* Project object */;
			proxyType = 1;
			remoteGlobalIDString = 1F6F0816273E208C00B05986;
			remoteInfo = Bootcamp;
		};
		1F6F0832273E208F00B05986 /* PBXContainerItemProxy */ = {
			isa = PBXContainerItemProxy;
			containerPortal = 1F6F080F273E208C00B05986 /* Project object */;
			proxyType = 1;
			remoteGlobalIDString = 1F6F0816273E208C00B05986;
			remoteInfo = Bootcamp;
		};
/* End PBXContainerItemProxy section */

/* Begin PBXFileReference section */
		1F6F0817273E208C00B05986 /* Bootcamp.app */ = {isa = PBXFileReference; explicitFileType = wrapper.application; includeInIndex = 0; path = Bootcamp.app; sourceTree = BUILT_PRODUCTS_DIR; };
		1F6F081A273E208C00B05986 /* BootcampApp.swift */ = {isa = PBXFileReference; lastKnownFileType = sourcecode.swift; path = BootcampApp.swift; sourceTree = "<group>"; };
		1F6F081C273E208C00B05986 /* ContentView.swift */ = {isa = PBXFileReference; lastKnownFileType = sourcecode.swift; path = ContentView.swift; sourceTree = "<group>"; };
		1F6F081E273E208E00B05986 /* Assets.xcassets */ = {isa = PBXFileReference; lastKnownFileType = folder.assetcatalog; path = Assets.xcassets; sourceTree = "<group>"; };
		1F6F0821273E208E00B05986 /* Preview Assets.xcassets */ = {isa = PBXFileReference; lastKnownFileType = folder.assetcatalog; path = "Preview Assets.xcassets"; sourceTree = "<group>"; };
		1F6F0827273E208E00B05986 /* BootcampTests.xctest */ = {isa = PBXFileReference; explicitFileType = wrapper.cfbundle; includeInIndex = 0; path = BootcampTests.xctest; sourceTree = BUILT_PRODUCTS_DIR; };
		1F6F082B273E208E00B05986 /* BootcampTests.swift */ = {isa = PBXFileReference; lastKnownFileType = sourcecode.swift; path = BootcampTests.swift; sourceTree = "<group>"; };
		1F6F0831273E208F00B05986 /* BootcampUITests.xctest */ = {isa = PBXFileReference; explicitFileType = wrapper.cfbundle; includeInIndex = 0; path = BootcampUITests.xctest; sourceTree = BUILT_PRODUCTS_DIR; };
		1F6F0835273E208F00B05986 /* BootcampUITests.swift */ = {isa = PBXFileReference; lastKnownFileType = sourcecode.swift; path = BootcampUITests.swift; sourceTree = "<group>"; };
		1F6F0837273E208F00B05986 /* BootcampUITestsLaunchTests.swift */ = {isa = PBXFileReference; lastKnownFileType = sourcecode.swift; path = BootcampUITestsLaunchTests.swift; sourceTree = "<group>"; };
		1F6F0844273E210C00B05986 /* .gitignore */ = {isa = PBXFileReference; fileEncoding = 4; lastKnownFileType = text; path = .gitignore; sourceTree = "<group>"; };
		1F6F0846273E211B00B05986 /* README.md */ = {isa = PBXFileReference; fileEncoding = 4; lastKnownFileType = net.daringfireball.markdown; name = README.md; path = ../README.md; sourceTree = "<group>"; };
		1F6F0848273E246B00B05986 /* TextBootcamp.swift */ = {isa = PBXFileReference; lastKnownFileType = sourcecode.swift; path = TextBootcamp.swift; sourceTree = "<group>"; };
		1F6F084A27421B8700B05986 /* ShapesBootcamp.swift */ = {isa = PBXFileReference; lastKnownFileType = sourcecode.swift; path = ShapesBootcamp.swift; sourceTree = "<group>"; };
		1F6F084C2744C0E600B05986 /* ColorsBootcamp.swift */ = {isa = PBXFileReference; lastKnownFileType = sourcecode.swift; path = ColorsBootcamp.swift; sourceTree = "<group>"; };
/* End PBXFileReference section */

/* Begin PBXFrameworksBuildPhase section */
		1F6F0814273E208C00B05986 /* Frameworks */ = {
			isa = PBXFrameworksBuildPhase;
			buildActionMask = 2147483647;
			files = (
			);
			runOnlyForDeploymentPostprocessing = 0;
		};
		1F6F0824273E208E00B05986 /* Frameworks */ = {
			isa = PBXFrameworksBuildPhase;
			buildActionMask = 2147483647;
			files = (
			);
			runOnlyForDeploymentPostprocessing = 0;
		};
		1F6F082E273E208F00B05986 /* Frameworks */ = {
			isa = PBXFrameworksBuildPhase;
			buildActionMask = 2147483647;
			files = (
			);
			runOnlyForDeploymentPostprocessing = 0;
		};
/* End PBXFrameworksBuildPhase section */

/* Begin PBXGroup section */
		1F6F080E273E208C00B05986 = {
			isa = PBXGroup;
			children = (
				1F6F0846273E211B00B05986 /* README.md */,
				1F6F0844273E210C00B05986 /* .gitignore */,
				1F6F0819273E208C00B05986 /* Bootcamp */,
				1F6F082A273E208E00B05986 /* BootcampTests */,
				1F6F0834273E208F00B05986 /* BootcampUITests */,
				1F6F0818273E208C00B05986 /* Products */,
			);
			sourceTree = "<group>";
		};
		1F6F0818273E208C00B05986 /* Products */ = {
			isa = PBXGroup;
			children = (
				1F6F0817273E208C00B05986 /* Bootcamp.app */,
				1F6F0827273E208E00B05986 /* BootcampTests.xctest */,
				1F6F0831273E208F00B05986 /* BootcampUITests.xctest */,
			);
			name = Products;
			sourceTree = "<group>";
		};
		1F6F0819273E208C00B05986 /* Bootcamp */ = {
			isa = PBXGroup;
			children = (
				1F6F081A273E208C00B05986 /* BootcampApp.swift */,
				1F6F0848273E246B00B05986 /* TextBootcamp.swift */,
				1F6F084A27421B8700B05986 /* ShapesBootcamp.swift */,
				1F6F084C2744C0E600B05986 /* ColorsBootcamp.swift */,
				1F6F081C273E208C00B05986 /* ContentView.swift */,
				1F6F081E273E208E00B05986 /* Assets.xcassets */,
				1F6F0820273E208E00B05986 /* Preview Content */,
			);
			path = Bootcamp;
			sourceTree = "<group>";
		};
		1F6F0820273E208E00B05986 /* Preview Content */ = {
			isa = PBXGroup;
			children = (
				1F6F0821273E208E00B05986 /* Preview Assets.xcassets */,
			);
			path = "Preview Content";
			sourceTree = "<group>";
		};
		1F6F082A273E208E00B05986 /* BootcampTests */ = {
			isa = PBXGroup;
			children = (
				1F6F082B273E208E00B05986 /* BootcampTests.swift */,
			);
			path = BootcampTests;
			sourceTree = "<group>";
		};
		1F6F0834273E208F00B05986 /* BootcampUITests */ = {
			isa = PBXGroup;
			children = (
				1F6F0835273E208F00B05986 /* BootcampUITests.swift */,
				1F6F0837273E208F00B05986 /* BootcampUITestsLaunchTests.swift */,
			);
			path = BootcampUITests;
			sourceTree = "<group>";
		};
/* End PBXGroup section */

/* Begin PBXNativeTarget section */
		1F6F0816273E208C00B05986 /* Bootcamp */ = {
			isa = PBXNativeTarget;
			buildConfigurationList = 1F6F083B273E208F00B05986 /* Build configuration list for PBXNativeTarget "Bootcamp" */;
			buildPhases = (
				1F6F0813273E208C00B05986 /* Sources */,
				1F6F0814273E208C00B05986 /* Frameworks */,
				1F6F0815273E208C00B05986 /* Resources */,
			);
			buildRules = (
			);
			dependencies = (
			);
			name = Bootcamp;
			productName = Bootcamp;
			productReference = 1F6F0817273E208C00B05986 /* Bootcamp.app */;
			productType = "com.apple.product-type.application";
		};
		1F6F0826273E208E00B05986 /* BootcampTests */ = {
			isa = PBXNativeTarget;
			buildConfigurationList = 1F6F083E273E208F00B05986 /* Build configuration list for PBXNativeTarget "BootcampTests" */;
			buildPhases = (
				1F6F0823273E208E00B05986 /* Sources */,
				1F6F0824273E208E00B05986 /* Frameworks */,
				1F6F0825273E208E00B05986 /* Resources */,
			);
			buildRules = (
			);
			dependencies = (
				1F6F0829273E208E00B05986 /* PBXTargetDependency */,
			);
			name = BootcampTests;
			productName = BootcampTests;
			productReference = 1F6F0827273E208E00B05986 /* BootcampTests.xctest */;
			productType = "com.apple.product-type.bundle.unit-test";
		};
		1F6F0830273E208F00B05986 /* BootcampUITests */ = {
			isa = PBXNativeTarget;
			buildConfigurationList = 1F6F0841273E208F00B05986 /* Build configuration list for PBXNativeTarget "BootcampUITests" */;
			buildPhases = (
				1F6F082D273E208F00B05986 /* Sources */,
				1F6F082E273E208F00B05986 /* Frameworks */,
				1F6F082F273E208F00B05986 /* Resources */,
			);
			buildRules = (
			);
			dependencies = (
				1F6F0833273E208F00B05986 /* PBXTargetDependency */,
			);
			name = BootcampUITests;
			productName = BootcampUITests;
			productReference = 1F6F0831273E208F00B05986 /* BootcampUITests.xctest */;
			productType = "com.apple.product-type.bundle.ui-testing";
		};
/* End PBXNativeTarget section */

/* Begin PBXProject section */
		1F6F080F273E208C00B05986 /* Project object */ = {
			isa = PBXProject;
			attributes = {
				BuildIndependentTargetsInParallel = 1;
				LastSwiftUpdateCheck = 1310;
				LastUpgradeCheck = 1310;
				TargetAttributes = {
					1F6F0816273E208C00B05986 = {
						CreatedOnToolsVersion = 13.1;
					};
					1F6F0826273E208E00B05986 = {
						CreatedOnToolsVersion = 13.1;
						TestTargetID = 1F6F0816273E208C00B05986;
					};
					1F6F0830273E208F00B05986 = {
						CreatedOnToolsVersion = 13.1;
						TestTargetID = 1F6F0816273E208C00B05986;
					};
				};
			};
			buildConfigurationList = 1F6F0812273E208C00B05986 /* Build configuration list for PBXProject "Bootcamp" */;
			compatibilityVersion = "Xcode 13.0";
			developmentRegion = en;
			hasScannedForEncodings = 0;
			knownRegions = (
				en,
				Base,
			);
			mainGroup = 1F6F080E273E208C00B05986;
			productRefGroup = 1F6F0818273E208C00B05986 /* Products */;
			projectDirPath = "";
			projectRoot = "";
			targets = (
				1F6F0816273E208C00B05986 /* Bootcamp */,
				1F6F0826273E208E00B05986 /* BootcampTests */,
				1F6F0830273E208F00B05986 /* BootcampUITests */,
			);
		};
/* End PBXProject section */

/* Begin PBXResourcesBuildPhase section */
		1F6F0815273E208C00B05986 /* Resources */ = {
			isa = PBXResourcesBuildPhase;
			buildActionMask = 2147483647;
			files = (
				1F6F0822273E208E00B05986 /* Preview Assets.xcassets in Resources */,
				1F6F0845273E210D00B05986 /* .gitignore in Resources */,
				1F6F0847273E211B00B05986 /* README.md in Resources */,
				1F6F081F273E208E00B05986 /* Assets.xcassets in Resources */,
			);
			runOnlyForDeploymentPostprocessing = 0;
		};
		1F6F0825273E208E00B05986 /* Resources */ = {
			isa = PBXResourcesBuildPhase;
			buildActionMask = 2147483647;
			files = (
			);
			runOnlyForDeploymentPostprocessing = 0;
		};
		1F6F082F273E208F00B05986 /* Resources */ = {
			isa = PBXResourcesBuildPhase;
			buildActionMask = 2147483647;
			files = (
			);
			runOnlyForDeploymentPostprocessing = 0;
		};
/* End PBXResourcesBuildPhase section */

/* Begin PBXSourcesBuildPhase section */
		1F6F0813273E208C00B05986 /* Sources */ = {
			isa = PBXSourcesBuildPhase;
			buildActionMask = 2147483647;
			files = (
				1F6F084D2744C0E600B05986 /* ColorsBootcamp.swift in Sources */,
				1F6F084B27421B8700B05986 /* ShapesBootcamp.swift in Sources */,
				1F6F081D273E208C00B05986 /* ContentView.swift in Sources */,
				1F6F0849273E246B00B05986 /* TextBootcamp.swift in Sources */,
				1F6F081B273E208C00B05986 /* BootcampApp.swift in Sources */,
			);
			runOnlyForDeploymentPostprocessing = 0;
		};
		1F6F0823273E208E00B05986 /* Sources */ = {
			isa = PBXSourcesBuildPhase;
			buildActionMask = 2147483647;
			files = (
				1F6F082C273E208E00B05986 /* BootcampTests.swift in Sources */,
			);
			runOnlyForDeploymentPostprocessing = 0;
		};
		1F6F082D273E208F00B05986 /* Sources */ = {
			isa = PBXSourcesBuildPhase;
			buildActionMask = 2147483647;
			files = (
				1F6F0838273E208F00B05986 /* BootcampUITestsLaunchTests.swift in Sources */,
				1F6F0836273E208F00B05986 /* BootcampUITests.swift in Sources */,
			);
			runOnlyForDeploymentPostprocessing = 0;
		};
/* End PBXSourcesBuildPhase section */

/* Begin PBXTargetDependency section */
		1F6F0829273E208E00B05986 /* PBXTargetDependency */ = {
			isa = PBXTargetDependency;
			target = 1F6F0816273E208C00B05986 /* Bootcamp */;
			targetProxy = 1F6F0828273E208E00B05986 /* PBXContainerItemProxy */;
		};
		1F6F0833273E208F00B05986 /* PBXTargetDependency */ = {
			isa = PBXTargetDependency;
			target = 1F6F0816273E208C00B05986 /* Bootcamp */;
			targetProxy = 1F6F0832273E208F00B05986 /* PBXContainerItemProxy */;
		};
/* End PBXTargetDependency section */

/* Begin XCBuildConfiguration section */
		1F6F0839273E208F00B05986 /* Debug */ = {
			isa = XCBuildConfiguration;
			buildSettings = {
				ALWAYS_SEARCH_USER_PATHS = NO;
				CLANG_ANALYZER_NONNULL = YES;
				CLANG_ANALYZER_NUMBER_OBJECT_CONVERSION = YES_AGGRESSIVE;
				CLANG_CXX_LANGUAGE_STANDARD = "gnu++17";
				CLANG_CXX_LIBRARY = "libc++";
				CLANG_ENABLE_MODULES = YES;
				CLANG_ENABLE_OBJC_ARC = YES;
				CLANG_ENABLE_OBJC_WEAK = YES;
				CLANG_WARN_BLOCK_CAPTURE_AUTORELEASING = YES;
				CLANG_WARN_BOOL_CONVERSION = YES;
				CLANG_WARN_COMMA = YES;
				CLANG_WARN_CONSTANT_CONVERSION = YES;
				CLANG_WARN_DEPRECATED_OBJC_IMPLEMENTATIONS = YES;
				CLANG_WARN_DIRECT_OBJC_ISA_USAGE = YES_ERROR;
				CLANG_WARN_DOCUMENTATION_COMMENTS = YES;
				CLANG_WARN_EMPTY_BODY = YES;
				CLANG_WARN_ENUM_CONVERSION = YES;
				CLANG_WARN_INFINITE_RECURSION = YES;
				CLANG_WARN_INT_CONVERSION = YES;
				CLANG_WARN_NON_LITERAL_NULL_CONVERSION = YES;
				CLANG_WARN_OBJC_IMPLICIT_RETAIN_SELF = YES;
				CLANG_WARN_OBJC_LITERAL_CONVERSION = YES;
				CLANG_WARN_OBJC_ROOT_CLASS = YES_ERROR;
				CLANG_WARN_QUOTED_INCLUDE_IN_FRAMEWORK_HEADER = YES;
				CLANG_WARN_RANGE_LOOP_ANALYSIS = YES;
				CLANG_WARN_STRICT_PROTOTYPES = YES;
				CLANG_WARN_SUSPICIOUS_MOVE = YES;
				CLANG_WARN_UNGUARDED_AVAILABILITY = YES_AGGRESSIVE;
				CLANG_WARN_UNREACHABLE_CODE = YES;
				CLANG_WARN__DUPLICATE_METHOD_MATCH = YES;
				COPY_PHASE_STRIP = NO;
				DEBUG_INFORMATION_FORMAT = dwarf;
				ENABLE_STRICT_OBJC_MSGSEND = YES;
				ENABLE_TESTABILITY = YES;
				GCC_C_LANGUAGE_STANDARD = gnu11;
				GCC_DYNAMIC_NO_PIC = NO;
				GCC_NO_COMMON_BLOCKS = YES;
				GCC_OPTIMIZATION_LEVEL = 0;
				GCC_PREPROCESSOR_DEFINITIONS = (
					"DEBUG=1",
					"$(inherited)",
				);
				GCC_WARN_64_TO_32_BIT_CONVERSION = YES;
				GCC_WARN_ABOUT_RETURN_TYPE = YES_ERROR;
				GCC_WARN_UNDECLARED_SELECTOR = YES;
				GCC_WARN_UNINITIALIZED_AUTOS = YES_AGGRESSIVE;
				GCC_WARN_UNUSED_FUNCTION = YES;
				GCC_WARN_UNUSED_VARIABLE = YES;
				IPHONEOS_DEPLOYMENT_TARGET = 15.0;
				MTL_ENABLE_DEBUG_INFO = INCLUDE_SOURCE;
				MTL_FAST_MATH = YES;
				ONLY_ACTIVE_ARCH = YES;
				SDKROOT = iphoneos;
				SWIFT_ACTIVE_COMPILATION_CONDITIONS = DEBUG;
				SWIFT_OPTIMIZATION_LEVEL = "-Onone";
			};
			name = Debug;
		};
		1F6F083A273E208F00B05986 /* Release */ = {
			isa = XCBuildConfiguration;
			buildSettings = {
				ALWAYS_SEARCH_USER_PATHS = NO;
				CLANG_ANALYZER_NONNULL = YES;
				CLANG_ANALYZER_NUMBER_OBJECT_CONVERSION = YES_AGGRESSIVE;
				CLANG_CXX_LANGUAGE_STANDARD = "gnu++17";
				CLANG_CXX_LIBRARY = "libc++";
				CLANG_ENABLE_MODULES = YES;
				CLANG_ENABLE_OBJC_ARC = YES;
				CLANG_ENABLE_OBJC_WEAK = YES;
				CLANG_WARN_BLOCK_CAPTURE_AUTORELEASING = YES;
				CLANG_WARN_BOOL_CONVERSION = YES;
				CLANG_WARN_COMMA = YES;
				CLANG_WARN_CONSTANT_CONVERSION = YES;
				CLANG_WARN_DEPRECATED_OBJC_IMPLEMENTATIONS = YES;
				CLANG_WARN_DIRECT_OBJC_ISA_USAGE = YES_ERROR;
				CLANG_WARN_DOCUMENTATION_COMMENTS = YES;
				CLANG_WARN_EMPTY_BODY = YES;
				CLANG_WARN_ENUM_CONVERSION = YES;
				CLANG_WARN_INFINITE_RECURSION = YES;
				CLANG_WARN_INT_CONVERSION = YES;
				CLANG_WARN_NON_LITERAL_NULL_CONVERSION = YES;
				CLANG_WARN_OBJC_IMPLICIT_RETAIN_SELF = YES;
				CLANG_WARN_OBJC_LITERAL_CONVERSION = YES;
				CLANG_WARN_OBJC_ROOT_CLASS = YES_ERROR;
				CLANG_WARN_QUOTED_INCLUDE_IN_FRAMEWORK_HEADER = YES;
				CLANG_WARN_RANGE_LOOP_ANALYSIS = YES;
				CLANG_WARN_STRICT_PROTOTYPES = YES;
				CLANG_WARN_SUSPICIOUS_MOVE = YES;
				CLANG_WARN_UNGUARDED_AVAILABILITY = YES_AGGRESSIVE;
				CLANG_WARN_UNREACHABLE_CODE = YES;
				CLANG_WARN__DUPLICATE_METHOD_MATCH = YES;
				COPY_PHASE_STRIP = NO;
				DEBUG_INFORMATION_FORMAT = "dwarf-with-dsym";
				ENABLE_NS_ASSERTIONS = NO;
				ENABLE_STRICT_OBJC_MSGSEND = YES;
				GCC_C_LANGUAGE_STANDARD = gnu11;
				GCC_NO_COMMON_BLOCKS = YES;
				GCC_WARN_64_TO_32_BIT_CONVERSION = YES;
				GCC_WARN_ABOUT_RETURN_TYPE = YES_ERROR;
				GCC_WARN_UNDECLARED_SELECTOR = YES;
				GCC_WARN_UNINITIALIZED_AUTOS = YES_AGGRESSIVE;
				GCC_WARN_UNUSED_FUNCTION = YES;
				GCC_WARN_UNUSED_VARIABLE = YES;
				IPHONEOS_DEPLOYMENT_TARGET = 15.0;
				MTL_ENABLE_DEBUG_INFO = NO;
				MTL_FAST_MATH = YES;
				SDKROOT = iphoneos;
				SWIFT_COMPILATION_MODE = wholemodule;
				SWIFT_OPTIMIZATION_LEVEL = "-O";
				VALIDATE_PRODUCT = YES;
			};
			name = Release;
		};
		1F6F083C273E208F00B05986 /* Debug */ = {
			isa = XCBuildConfiguration;
			buildSettings = {
				ASSETCATALOG_COMPILER_APPICON_NAME = AppIcon;
				ASSETCATALOG_COMPILER_GLOBAL_ACCENT_COLOR_NAME = AccentColor;
				CODE_SIGN_STYLE = Automatic;
				CURRENT_PROJECT_VERSION = 1;
				DEVELOPMENT_ASSET_PATHS = "\"Bootcamp/Preview Content\"";
				ENABLE_PREVIEWS = YES;
				GENERATE_INFOPLIST_FILE = YES;
				INFOPLIST_KEY_UIApplicationSceneManifest_Generation = YES;
				INFOPLIST_KEY_UIApplicationSupportsIndirectInputEvents = YES;
				INFOPLIST_KEY_UILaunchScreen_Generation = YES;
				INFOPLIST_KEY_UISupportedInterfaceOrientations_iPad = "UIInterfaceOrientationPortrait UIInterfaceOrientationPortraitUpsideDown UIInterfaceOrientationLandscapeLeft UIInterfaceOrientationLandscapeRight";
				INFOPLIST_KEY_UISupportedInterfaceOrientations_iPhone = "UIInterfaceOrientationPortrait UIInterfaceOrientationLandscapeLeft UIInterfaceOrientationLandscapeRight";
				LD_RUNPATH_SEARCH_PATHS = (
					"$(inherited)",
					"@executable_path/Frameworks",
				);
				MARKETING_VERSION = 1.0;
				PRODUCT_BUNDLE_IDENTIFIER = com.plasmatech8.Bootcamp;
				PRODUCT_NAME = "$(TARGET_NAME)";
				SWIFT_EMIT_LOC_STRINGS = YES;
				SWIFT_VERSION = 5.0;
				TARGETED_DEVICE_FAMILY = "1,2";
			};
			name = Debug;
		};
		1F6F083D273E208F00B05986 /* Release */ = {
			isa = XCBuildConfiguration;
			buildSettings = {
				ASSETCATALOG_COMPILER_APPICON_NAME = AppIcon;
				ASSETCATALOG_COMPILER_GLOBAL_ACCENT_COLOR_NAME = AccentColor;
				CODE_SIGN_STYLE = Automatic;
				CURRENT_PROJECT_VERSION = 1;
				DEVELOPMENT_ASSET_PATHS = "\"Bootcamp/Preview Content\"";
				ENABLE_PREVIEWS = YES;
				GENERATE_INFOPLIST_FILE = YES;
				INFOPLIST_KEY_UIApplicationSceneManifest_Generation = YES;
				INFOPLIST_KEY_UIApplicationSupportsIndirectInputEvents = YES;
				INFOPLIST_KEY_UILaunchScreen_Generation = YES;
				INFOPLIST_KEY_UISupportedInterfaceOrientations_iPad = "UIInterfaceOrientationPortrait UIInterfaceOrientationPortraitUpsideDown UIInterfaceOrientationLandscapeLeft UIInterfaceOrientationLandscapeRight";
				INFOPLIST_KEY_UISupportedInterfaceOrientations_iPhone = "UIInterfaceOrientationPortrait UIInterfaceOrientationLandscapeLeft UIInterfaceOrientationLandscapeRight";
				LD_RUNPATH_SEARCH_PATHS = (
					"$(inherited)",
					"@executable_path/Frameworks",
				);
				MARKETING_VERSION = 1.0;
				PRODUCT_BUNDLE_IDENTIFIER = com.plasmatech8.Bootcamp;
				PRODUCT_NAME = "$(TARGET_NAME)";
				SWIFT_EMIT_LOC_STRINGS = YES;
				SWIFT_VERSION = 5.0;
				TARGETED_DEVICE_FAMILY = "1,2";
			};
			name = Release;
		};
		1F6F083F273E208F00B05986 /* Debug */ = {
			isa = XCBuildConfiguration;
			buildSettings = {
				ALWAYS_EMBED_SWIFT_STANDARD_LIBRARIES = YES;
				BUNDLE_LOADER = "$(TEST_HOST)";
				CODE_SIGN_STYLE = Automatic;
				CURRENT_PROJECT_VERSION = 1;
				GENERATE_INFOPLIST_FILE = YES;
				IPHONEOS_DEPLOYMENT_TARGET = 15.0;
				LD_RUNPATH_SEARCH_PATHS = (
					"$(inherited)",
					"@executable_path/Frameworks",
					"@loader_path/Frameworks",
				);
				MARKETING_VERSION = 1.0;
				PRODUCT_BUNDLE_IDENTIFIER = com.plasmatech8.BootcampTests;
				PRODUCT_NAME = "$(TARGET_NAME)";
				SWIFT_EMIT_LOC_STRINGS = NO;
				SWIFT_VERSION = 5.0;
				TARGETED_DEVICE_FAMILY = "1,2";
				TEST_HOST = "$(BUILT_PRODUCTS_DIR)/Bootcamp.app/Bootcamp";
			};
			name = Debug;
		};
		1F6F0840273E208F00B05986 /* Release */ = {
			isa = XCBuildConfiguration;
			buildSettings = {
				ALWAYS_EMBED_SWIFT_STANDARD_LIBRARIES = YES;
				BUNDLE_LOADER = "$(TEST_HOST)";
				CODE_SIGN_STYLE = Automatic;
				CURRENT_PROJECT_VERSION = 1;
				GENERATE_INFOPLIST_FILE = YES;
				IPHONEOS_DEPLOYMENT_TARGET = 15.0;
				LD_RUNPATH_SEARCH_PATHS = (
					"$(inherited)",
					"@executable_path/Frameworks",
					"@loader_path/Frameworks",
				);
				MARKETING_VERSION = 1.0;
				PRODUCT_BUNDLE_IDENTIFIER = com.plasmatech8.BootcampTests;
				PRODUCT_NAME = "$(TARGET_NAME)";
				SWIFT_EMIT_LOC_STRINGS = NO;
				SWIFT_VERSION = 5.0;
				TARGETED_DEVICE_FAMILY = "1,2";
				TEST_HOST = "$(BUILT_PRODUCTS_DIR)/Bootcamp.app/Bootcamp";
			};
			name = Release;
		};
		1F6F0842273E208F00B05986 /* Debug */ = {
			isa = XCBuildConfiguration;
			buildSettings = {
				ALWAYS_EMBED_SWIFT_STANDARD_LIBRARIES = YES;
				CODE_SIGN_STYLE = Automatic;
				CURRENT_PROJECT_VERSION = 1;
				GENERATE_INFOPLIST_FILE = YES;
				LD_RUNPATH_SEARCH_PATHS = (
					"$(inherited)",
					"@executable_path/Frameworks",
					"@loader_path/Frameworks",
				);
				MARKETING_VERSION = 1.0;
				PRODUCT_BUNDLE_IDENTIFIER = com.plasmatech8.BootcampUITests;
				PRODUCT_NAME = "$(TARGET_NAME)";
				SWIFT_EMIT_LOC_STRINGS = NO;
				SWIFT_VERSION = 5.0;
				TARGETED_DEVICE_FAMILY = "1,2";
				TEST_TARGET_NAME = Bootcamp;
			};
			name = Debug;
		};
		1F6F0843273E208F00B05986 /* Release */ = {
			isa = XCBuildConfiguration;
			buildSettings = {
				ALWAYS_EMBED_SWIFT_STANDARD_LIBRARIES = YES;
				CODE_SIGN_STYLE = Automatic;
				CURRENT_PROJECT_VERSION = 1;
				GENERATE_INFOPLIST_FILE = YES;
				LD_RUNPATH_SEARCH_PATHS = (
					"$(inherited)",
					"@executable_path/Frameworks",
					"@loader_path/Frameworks",
				);
				MARKETING_VERSION = 1.0;
				PRODUCT_BUNDLE_IDENTIFIER = com.plasmatech8.BootcampUITests;
				PRODUCT_NAME = "$(TARGET_NAME)";
				SWIFT_EMIT_LOC_STRINGS = NO;
				SWIFT_VERSION = 5.0;
				TARGETED_DEVICE_FAMILY = "1,2";
				TEST_TARGET_NAME = Bootcamp;
			};
			name = Release;
		};
/* End XCBuildConfiguration section */

/* Begin XCConfigurationList section */
		1F6F0812273E208C00B05986 /* Build configuration list for PBXProject "Bootcamp" */ = {
			isa = XCConfigurationList;
			buildConfigurations = (
				1F6F0839273E208F00B05986 /* Debug */,
				1F6F083A273E208F00B05986 /* Release */,
			);
			defaultConfigurationIsVisible = 0;
			defaultConfigurationName = Release;
		};
		1F6F083B273E208F00B05986 /* Build configuration list for PBXNativeTarget "Bootcamp" */ = {
			isa = XCConfigurationList;
			buildConfigurations = (
				1F6F083C273E208F00B05986 /* Debug */,
				1F6F083D273E208F00B05986 /* Release */,
			);
			defaultConfigurationIsVisible = 0;
			defaultConfigurationName = Release;
		};
		1F6F083E273E208F00B05986 /* Build configuration list for PBXNativeTarget "BootcampTests" */ = {
			isa = XCConfigurationList;
			buildConfigurations = (
				1F6F083F273E208F00B05986 /* Debug */,
				1F6F0840273E208F00B05986 /* Release */,
			);
			defaultConfigurationIsVisible = 0;
			defaultConfigurationName = Release;
		};
		1F6F0841273E208F00B05986 /* Build configuration list for PBXNativeTarget "BootcampUITests" */ = {
			isa = XCConfigurationList;
			buildConfigurations = (
				1F6F0842273E208F00B05986 /* Debug */,
				1F6F0843273E208F00B05986 /* Release */,
			);
			defaultConfigurationIsVisible = 0;
			defaultConfigurationName = Release;
		};
/* End XCConfigurationList section */
	};
	rootObject = 1F6F080F273E208C00B05986 /* Project object */;
}
